{
  "version": 4,
  "terraform_version": "1.8.3",
  "serial": 5,
  "lineage": "2ff665f8-05b6-6e06-f92d-5aae947d6685",
  "outputs": {},
  "resources": [
    {
      "module": "module.github_repo_module",
      "mode": "managed",
      "type": "github_repository",
      "name": "repo",
      "provider": "provider[\"registry.terraform.io/integrations/github\"]",
      "instances": [
        {
          "schema_version": 1,
          "attributes": {
            "allow_auto_merge": false,
            "allow_merge_commit": true,
            "allow_rebase_merge": true,
            "allow_squash_merge": true,
            "allow_update_branch": false,
            "archive_on_destroy": null,
            "archived": false,
            "auto_init": null,
            "default_branch": "main",
            "delete_branch_on_merge": false,
            "description": "my awesome codebase",
            "etag": "W/\"277e676cc9ab443a5ed32b5fcca4220774f244854771d554c34e75df66630219\"",
            "full_name": "silaghipaul/thebestrepo",
            "git_clone_url": "git://github.com/silaghipaul/thebestrepo.git",
            "gitignore_template": null,
            "has_discussions": false,
            "has_downloads": false,
            "has_issues": false,
            "has_projects": false,
            "has_wiki": false,
            "homepage_url": "",
            "html_url": "https://github.com/silaghipaul/thebestrepo",
            "http_clone_url": "https://github.com/silaghipaul/thebestrepo.git",
            "id": "thebestrepo",
            "ignore_vulnerability_alerts_during_read": null,
            "is_template": false,
            "license_template": null,
            "merge_commit_message": "PR_TITLE",
            "merge_commit_title": "MERGE_MESSAGE",
            "name": "thebestrepo",
            "node_id": "R_kgDOL-qDPA",
            "pages": [],
            "primary_language": "",
            "private": true,
            "repo_id": 803898172,
            "security_and_analysis": [],
            "squash_merge_commit_message": "COMMIT_MESSAGES",
            "squash_merge_commit_title": "COMMIT_OR_PR_TITLE",
            "ssh_clone_url": "git@github.com:silaghipaul/thebestrepo.git",
            "svn_url": "https://github.com/silaghipaul/thebestrepo",
            "template": [],
            "topics": [],
            "visibility": "private",
            "vulnerability_alerts": false,
            "web_commit_signoff_required": false
          },
          "sensitive_attributes": [],
          "private": "eyJzY2hlbWFfdmVyc2lvbiI6IjEifQ=="
        }
      ]
    },
    {
      "module": "module.github_repo_module",
      "mode": "managed",
      "type": "github_repository_file",
      "name": "foo",
      "provider": "provider[\"registry.terraform.io/integrations/github\"]",
      "instances": [
        {
          "index_key": 0,
          "schema_version": 0,
          "attributes": {
            "branch": null,
            "commit_author": "Terraform User",
            "commit_email": "terraform@example.com",
            "commit_message": "Managed by Terraform",
            "commit_sha": "0c898b973c9f6a21eb4415a7b62363dea53d5f26",
            "content": "contents of my file",
            "file": "thebestfile.txt",
            "id": "thebestrepo/thebestfile.txt",
            "overwrite_on_create": false,
            "ref": "main",
            "repository": "thebestrepo",
            "sha": "92e0f8b0207f37c668222996d99ea5a3014967c4"
          },
          "sensitive_attributes": [],
          "private": "bnVsbA==",
          "dependencies": [
            "module.github_repo_module.github_repository.repo"
          ]
        }
      ]
    }
  ],
  "check_results": null
}
